// !$*UTF8*$!
{
	archiveVersion = 1;
	classes = {
	};
	objectVersion = 77;
	objects = {

/* Begin PBXContainerItemProxy section */
		A29AAFDB2CB489F5002D8330 /* PBXContainerItemProxy */ = {
			isa = PBXContainerItemProxy;
			containerPortal = A29AAFC22CB489F2002D8330 /* Project object */;
			proxyType = 1;
			remoteGlobalIDString = A29AAFC92CB489F2002D8330;
			remoteInfo = iEdutainment;
		};
		A29AAFE52CB489F5002D8330 /* PBXContainerItemProxy */ = {
			isa = PBXContainerItemProxy;
			containerPortal = A29AAFC22CB489F2002D8330 /* Project object */;
			proxyType = 1;
			remoteGlobalIDString = A29AAFC92CB489F2002D8330;
			remoteInfo = iEdutainment;
		};
/* End PBXContainerItemProxy section */

/* Begin PBXFileReference section */
		A29AAFCA2CB489F2002D8330 /* iEdutainment.app */ = {isa = PBXFileReference; explicitFileType = wrapper.application; includeInIndex = 0; path = iEdutainment.app; sourceTree = BUILT_PRODUCTS_DIR; };
		A29AAFDA2CB489F5002D8330 /* iEdutainmentTests.xctest */ = {isa = PBXFileReference; explicitFileType = wrapper.cfbundle; includeInIndex = 0; path = iEdutainmentTests.xctest; sourceTree = BUILT_PRODUCTS_DIR; };
		A29AAFE42CB489F5002D8330 /* iEdutainmentUITests.xctest */ = {isa = PBXFileReference; explicitFileType = wrapper.cfbundle; includeInIndex = 0; path = iEdutainmentUITests.xctest; sourceTree = BUILT_PRODUCTS_DIR; };
/* End PBXFileReference section */

/* Begin PBXFileSystemSynchronizedRootGroup section */
		A29AAFCC2CB489F2002D8330 /* iEdutainment */ = {
			isa = PBXFileSystemSynchronizedRootGroup;
			path = iEdutainment;
			sourceTree = "<group>";
		};
		A29AAFDD2CB489F5002D8330 /* iEdutainmentTests */ = {
			isa = PBXFileSystemSynchronizedRootGroup;
			path = iEdutainmentTests;
			sourceTree = "<group>";
		};
		A29AAFE72CB489F5002D8330 /* iEdutainmentUITests */ = {
			isa = PBXFileSystemSynchronizedRootGroup;
			path = iEdutainmentUITests;
			sourceTree = "<group>";
		};
/* End PBXFileSystemSynchronizedRootGroup section */

/* Begin PBXFrameworksBuildPhase section */
		A29AAFC72CB489F2002D8330 /* Frameworks */ = {
			isa = PBXFrameworksBuildPhase;
			buildActionMask = 2147483647;
			files = (
			);
			runOnlyForDeploymentPostprocessing = 0;
		};
		A29AAFD72CB489F5002D8330 /* Frameworks */ = {
			isa = PBXFrameworksBuildPhase;
			buildActionMask = 2147483647;
			files = (
			);
			runOnlyForDeploymentPostprocessing = 0;
		};
		A29AAFE12CB489F5002D8330 /* Frameworks */ = {
			isa = PBXFrameworksBuildPhase;
			buildActionMask = 2147483647;
			files = (
			);
			runOnlyForDeploymentPostprocessing = 0;
		};
/* End PBXFrameworksBuildPhase section */

/* Begin PBXGroup section */
		A29AAFC12CB489F2002D8330 = {
			isa = PBXGroup;
			children = (
				A29AAFCC2CB489F2002D8330 /* iEdutainment */,
				A29AAFDD2CB489F5002D8330 /* iEdutainmentTests */,
				A29AAFE72CB489F5002D8330 /* iEdutainmentUITests */,
				A29AAFCB2CB489F2002D8330 /* Products */,
			);
			sourceTree = "<group>";
		};
		A29AAFCB2CB489F2002D8330 /* Products */ = {
			isa = PBXGroup;
			children = (
				A29AAFCA2CB489F2002D8330 /* iEdutainment.app */,
				A29AAFDA2CB489F5002D8330 /* iEdutainmentTests.xctest */,
				A29AAFE42CB489F5002D8330 /* iEdutainmentUITests.xctest */,
			);
			name = Products;
			sourceTree = "<group>";
		};
/* End PBXGroup section */

/* Begin PBXNativeTarget section */
		A29AAFC92CB489F2002D8330 /* iEdutainment */ = {
			isa = PBXNativeTarget;
			buildConfigurationList = A29AAFEE2CB489F5002D8330 /* Build configuration list for PBXNativeTarget "iEdutainment" */;
			buildPhases = (
				A29AAFC62CB489F2002D8330 /* Sources */,
				A29AAFC72CB489F2002D8330 /* Frameworks */,
				A29AAFC82CB489F2002D8330 /* Resources */,
			);
			buildRules = (
			);
			dependencies = (
			);
			fileSystemSynchronizedGroups = (
				A29AAFCC2CB489F2002D8330 /* iEdutainment */,
			);
			name = iEdutainment;
			packageProductDependencies = (
			);
			productName = iEdutainment;
			productReference = A29AAFCA2CB489F2002D8330 /* iEdutainment.app */;
			productType = "com.apple.product-type.application";
		};
		A29AAFD92CB489F5002D8330 /* iEdutainmentTests */ = {
			isa = PBXNativeTarget;
			buildConfigurationList = A29AAFF12CB489F5002D8330 /* Build configuration list for PBXNativeTarget "iEdutainmentTests" */;
			buildPhases = (
				A29AAFD62CB489F5002D8330 /* Sources */,
				A29AAFD72CB489F5002D8330 /* Frameworks */,
				A29AAFD82CB489F5002D8330 /* Resources */,
			);
			buildRules = (
			);
			dependencies = (
				A29AAFDC2CB489F5002D8330 /* PBXTargetDependency */,
			);
			fileSystemSynchronizedGroups = (
				A29AAFDD2CB489F5002D8330 /* iEdutainmentTests */,
			);
			name = iEdutainmentTests;
			packageProductDependencies = (
			);
			productName = iEdutainmentTests;
			productReference = A29AAFDA2CB489F5002D8330 /* iEdutainmentTests.xctest */;
			productType = "com.apple.product-type.bundle.unit-test";
		};
		A29AAFE32CB489F5002D8330 /* iEdutainmentUITests */ = {
			isa = PBXNativeTarget;
			buildConfigurationList = A29AAFF42CB489F5002D8330 /* Build configuration list for PBXNativeTarget "iEdutainmentUITests" */;
			buildPhases = (
				A29AAFE02CB489F5002D8330 /* Sources */,
				A29AAFE12CB489F5002D8330 /* Frameworks */,
				A29AAFE22CB489F5002D8330 /* Resources */,
			);
			buildRules = (
			);
			dependencies = (
				A29AAFE62CB489F5002D8330 /* PBXTargetDependency */,
			);
			fileSystemSynchronizedGroups = (
				A29AAFE72CB489F5002D8330 /* iEdutainmentUITests */,
			);
			name = iEdutainmentUITests;
			packageProductDependencies = (
			);
			productName = iEdutainmentUITests;
			productReference = A29AAFE42CB489F5002D8330 /* iEdutainmentUITests.xctest */;
			productType = "com.apple.product-type.bundle.ui-testing";
		};
/* End PBXNativeTarget section */

/* Begin PBXProject section */
		A29AAFC22CB489F2002D8330 /* Project object */ = {
			isa = PBXProject;
			attributes = {
				BuildIndependentTargetsInParallel = 1;
				LastSwiftUpdateCheck = 1600;
				LastUpgradeCheck = 1600;
				TargetAttributes = {
					A29AAFC92CB489F2002D8330 = {
						CreatedOnToolsVersion = 16.0;
					};
					A29AAFD92CB489F5002D8330 = {
						CreatedOnToolsVersion = 16.0;
						TestTargetID = A29AAFC92CB489F2002D8330;
					};
					A29AAFE32CB489F5002D8330 = {
						CreatedOnToolsVersion = 16.0;
						TestTargetID = A29AAFC92CB489F2002D8330;
					};
				};
			};
			buildConfigurationList = A29AAFC52CB489F2002D8330 /* Build configuration list for PBXProject "iEdutainment" */;
			developmentRegion = en;
			hasScannedForEncodings = 0;
			knownRegions = (
				en,
				Base,
			);
			mainGroup = A29AAFC12CB489F2002D8330;
			minimizedProjectReferenceProxies = 1;
			preferredProjectObjectVersion = 77;
			productRefGroup = A29AAFCB2CB489F2002D8330 /* Products */;
			projectDirPath = "";
			projectRoot = "";
			targets = (
				A29AAFC92CB489F2002D8330 /* iEdutainment */,
				A29AAFD92CB489F5002D8330 /* iEdutainmentTests */,
				A29AAFE32CB489F5002D8330 /* iEdutainmentUITests */,
			);
		};
/* End PBXProject section */

/* Begin PBXResourcesBuildPhase section */
		A29AAFC82CB489F2002D8330 /* Resources */ = {
			isa = PBXResourcesBuildPhase;
			buildActionMask = 2147483647;
			files = (
			);
			runOnlyForDeploymentPostprocessing = 0;
		};
		A29AAFD82CB489F5002D8330 /* Resources */ = {
			isa = PBXResourcesBuildPhase;
			buildActionMask = 2147483647;
			files = (
			);
			runOnlyForDeploymentPostprocessing = 0;
		};
		A29AAFE22CB489F5002D8330 /* Resources */ = {
			isa = PBXResourcesBuildPhase;
			buildActionMask = 2147483647;
			files = (
			);
			runOnlyForDeploymentPostprocessing = 0;
		};
/* End PBXResourcesBuildPhase section */

/* Begin PBXSourcesBuildPhase section */
		A29AAFC62CB489F2002D8330 /* Sources */ = {
			isa = PBXSourcesBuildPhase;
			buildActionMask = 2147483647;
			files = (
			);
			runOnlyForDeploymentPostprocessing = 0;
		};
		A29AAFD62CB489F5002D8330 /* Sources */ = {
			isa = PBXSourcesBuildPhase;
			buildActionMask = 2147483647;
			files = (
			);
			runOnlyForDeploymentPostprocessing = 0;
		};
		A29AAFE02CB489F5002D8330 /* Sources */ = {
			isa = PBXSourcesBuildPhase;
			buildActionMask = 2147483647;
			files = (
			);
			runOnlyForDeploymentPostprocessing = 0;
		};
/* End PBXSourcesBuildPhase section */

/* Begin PBXTargetDependency section */
		A29AAFDC2CB489F5002D8330 /* PBXTargetDependency */ = {
			isa = PBXTargetDependency;
			target = A29AAFC92CB489F2002D8330 /* iEdutainment */;
			targetProxy = A29AAFDB2CB489F5002D8330 /* PBXContainerItemProxy */;
		};
		A29AAFE62CB489F5002D8330 /* PBXTargetDependency */ = {
			isa = PBXTargetDependency;
			target = A29AAFC92CB489F2002D8330 /* iEdutainment */;
			targetProxy = A29AAFE52CB489F5002D8330 /* PBXContainerItemProxy */;
		};
/* End PBXTargetDependency section */

/* Begin XCBuildConfiguration section */
		A29AAFEC2CB489F5002D8330 /* Debug */ = {
			isa = XCBuildConfiguration;
			buildSettings = {
				ALWAYS_SEARCH_USER_PATHS = NO;
				ASSETCATALOG_COMPILER_GENERATE_SWIFT_ASSET_SYMBOL_EXTENSIONS = YES;
				CLANG_ANALYZER_NONNULL = YES;
				CLANG_ANALYZER_NUMBER_OBJECT_CONVERSION = YES_AGGRESSIVE;
				CLANG_CXX_LANGUAGE_STANDARD = "gnu++20";
				CLANG_ENABLE_MODULES = YES;
				CLANG_ENABLE_OBJC_ARC = YES;
				CLANG_ENABLE_OBJC_WEAK = YES;
				CLANG_WARN_BLOCK_CAPTURE_AUTORELEASING = YES;
				CLANG_WARN_BOOL_CONVERSION = YES;
				CLANG_WARN_COMMA = YES;
				CLANG_WARN_CONSTANT_CONVERSION = YES;
				CLANG_WARN_DEPRECATED_OBJC_IMPLEMENTATIONS = YES;
				CLANG_WARN_DIRECT_OBJC_ISA_USAGE = YES_ERROR;
				CLANG_WARN_DOCUMENTATION_COMMENTS = YES;
				CLANG_WARN_EMPTY_BODY = YES;
				CLANG_WARN_ENUM_CONVERSION = YES;
				CLANG_WARN_INFINITE_RECURSION = YES;
				CLANG_WARN_INT_CONVERSION = YES;
				CLANG_WARN_NON_LITERAL_NULL_CONVERSION = YES;
				CLANG_WARN_OBJC_IMPLICIT_RETAIN_SELF = YES;
				CLANG_WARN_OBJC_LITERAL_CONVERSION = YES;
				CLANG_WARN_OBJC_ROOT_CLASS = YES_ERROR;
				CLANG_WARN_QUOTED_INCLUDE_IN_FRAMEWORK_HEADER = YES;
				CLANG_WARN_RANGE_LOOP_ANALYSIS = YES;
				CLANG_WARN_STRICT_PROTOTYPES = YES;
				CLANG_WARN_SUSPICIOUS_MOVE = YES;
				CLANG_WARN_UNGUARDED_AVAILABILITY = YES_AGGRESSIVE;
				CLANG_WARN_UNREACHABLE_CODE = YES;
				CLANG_WARN__DUPLICATE_METHOD_MATCH = YES;
				COPY_PHASE_STRIP = NO;
				DEBUG_INFORMATION_FORMAT = dwarf;
				ENABLE_STRICT_OBJC_MSGSEND = YES;
				ENABLE_TESTABILITY = YES;
				ENABLE_USER_SCRIPT_SANDBOXING = YES;
				GCC_C_LANGUAGE_STANDARD = gnu17;
				GCC_DYNAMIC_NO_PIC = NO;
				GCC_NO_COMMON_BLOCKS = YES;
				GCC_OPTIMIZATION_LEVEL = 0;
				GCC_PREPROCESSOR_DEFINITIONS = (
					"DEBUG=1",
					"$(inherited)",
				);
				GCC_WARN_64_TO_32_BIT_CONVERSION = YES;
				GCC_WARN_ABOUT_RETURN_TYPE = YES_ERROR;
				GCC_WARN_UNDECLARED_SELECTOR = YES;
				GCC_WARN_UNINITIALIZED_AUTOS = YES_AGGRESSIVE;
				GCC_WARN_UNUSED_FUNCTION = YES;
				GCC_WARN_UNUSED_VARIABLE = YES;
				IPHONEOS_DEPLOYMENT_TARGET = 18.0;
				LOCALIZATION_PREFERS_STRING_CATALOGS = YES;
				MTL_ENABLE_DEBUG_INFO = INCLUDE_SOURCE;
				MTL_FAST_MATH = YES;
				ONLY_ACTIVE_ARCH = YES;
				SDKROOT = iphoneos;
				SWIFT_ACTIVE_COMPILATION_CONDITIONS = "DEBUG $(inherited)";
				SWIFT_OPTIMIZATION_LEVEL = "-Onone";
			};
			name = Debug;
		};
		A29AAFED2CB489F5002D8330 /* Release */ = {
			isa = XCBuildConfiguration;
			buildSettings = {
				ALWAYS_SEARCH_USER_PATHS = NO;
				ASSETCATALOG_COMPILER_GENERATE_SWIFT_ASSET_SYMBOL_EXTENSIONS = YES;
				CLANG_ANALYZER_NONNULL = YES;
				CLANG_ANALYZER_NUMBER_OBJECT_CONVERSION = YES_AGGRESSIVE;
				CLANG_CXX_LANGUAGE_STANDARD = "gnu++20";
				CLANG_ENABLE_MODULES = YES;
				CLANG_ENABLE_OBJC_ARC = YES;
				CLANG_ENABLE_OBJC_WEAK = YES;
				CLANG_WARN_BLOCK_CAPTURE_AUTORELEASING = YES;
				CLANG_WARN_BOOL_CONVERSION = YES;
				CLANG_WARN_COMMA = YES;
				CLANG_WARN_CONSTANT_CONVERSION = YES;
				CLANG_WARN_DEPRECATED_OBJC_IMPLEMENTATIONS = YES;
				CLANG_WARN_DIRECT_OBJC_ISA_USAGE = YES_ERROR;
				CLANG_WARN_DOCUMENTATION_COMMENTS = YES;
				CLANG_WARN_EMPTY_BODY = YES;
				CLANG_WARN_ENUM_CONVERSION = YES;
				CLANG_WARN_INFINITE_RECURSION = YES;
				CLANG_WARN_INT_CONVERSION = YES;
				CLANG_WARN_NON_LITERAL_NULL_CONVERSION = YES;
				CLANG_WARN_OBJC_IMPLICIT_RETAIN_SELF = YES;
				CLANG_WARN_OBJC_LITERAL_CONVERSION = YES;
				CLANG_WARN_OBJC_ROOT_CLASS = YES_ERROR;
				CLANG_WARN_QUOTED_INCLUDE_IN_FRAMEWORK_HEADER = YES;
				CLANG_WARN_RANGE_LOOP_ANALYSIS = YES;
				CLANG_WARN_STRICT_PROTOTYPES = YES;
				CLANG_WARN_SUSPICIOUS_MOVE = YES;
				CLANG_WARN_UNGUARDED_AVAILABILITY = YES_AGGRESSIVE;
				CLANG_WARN_UNREACHABLE_CODE = YES;
				CLANG_WARN__DUPLICATE_METHOD_MATCH = YES;
				COPY_PHASE_STRIP = NO;
				DEBUG_INFORMATION_FORMAT = "dwarf-with-dsym";
				ENABLE_NS_ASSERTIONS = NO;
				ENABLE_STRICT_OBJC_MSGSEND = YES;
				ENABLE_USER_SCRIPT_SANDBOXING = YES;
				GCC_C_LANGUAGE_STANDARD = gnu17;
				GCC_NO_COMMON_BLOCKS = YES;
				GCC_WARN_64_TO_32_BIT_CONVERSION = YES;
				GCC_WARN_ABOUT_RETURN_TYPE = YES_ERROR;
				GCC_WARN_UNDECLARED_SELECTOR = YES;
				GCC_WARN_UNINITIALIZED_AUTOS = YES_AGGRESSIVE;
				GCC_WARN_UNUSED_FUNCTION = YES;
				GCC_WARN_UNUSED_VARIABLE = YES;
				IPHONEOS_DEPLOYMENT_TARGET = 18.0;
				LOCALIZATION_PREFERS_STRING_CATALOGS = YES;
				MTL_ENABLE_DEBUG_INFO = NO;
				MTL_FAST_MATH = YES;
				SDKROOT = iphoneos;
				SWIFT_COMPILATION_MODE = wholemodule;
				VALIDATE_PRODUCT = YES;
			};
			name = Release;
		};
		A29AAFEF2CB489F5002D8330 /* Debug */ = {
			isa = XCBuildConfiguration;
			buildSettings = {
				ASSETCATALOG_COMPILER_APPICON_NAME = AppIcon;
				ASSETCATALOG_COMPILER_GLOBAL_ACCENT_COLOR_NAME = AccentColor;
				CODE_SIGN_STYLE = Automatic;
				CURRENT_PROJECT_VERSION = 1;
				DEVELOPMENT_ASSET_PATHS = "\"iEdutainment/Preview Content\"";
				ENABLE_PREVIEWS = YES;
				GENERATE_INFOPLIST_FILE = YES;
				INFOPLIST_KEY_UIApplicationSceneManifest_Generation = YES;
				INFOPLIST_KEY_UIApplicationSupportsIndirectInputEvents = YES;
				INFOPLIST_KEY_UILaunchScreen_Generation = YES;
				INFOPLIST_KEY_UISupportedInterfaceOrientations_iPad = "UIInterfaceOrientationPortrait UIInterfaceOrientationPortraitUpsideDown UIInterfaceOrientationLandscapeLeft UIInterfaceOrientationLandscapeRight";
				INFOPLIST_KEY_UISupportedInterfaceOrientations_iPhone = "UIInterfaceOrientationPortrait UIInterfaceOrientationLandscapeLeft UIInterfaceOrientationLandscapeRight";
				LD_RUNPATH_SEARCH_PATHS = (
					"$(inherited)",
					"@executable_path/Frameworks",
				);
				MARKETING_VERSION = 1.0;
				PRODUCT_BUNDLE_IDENTIFIER = me.rosado.mr.iEdutainment;
				PRODUCT_NAME = "$(TARGET_NAME)";
				SWIFT_EMIT_LOC_STRINGS = YES;
				SWIFT_VERSION = 5.0;
				TARGETED_DEVICE_FAMILY = "1,2";
			};
			name = Debug;
		};
		A29AAFF02CB489F5002D8330 /* Release */ = {
			isa = XCBuildConfiguration;
			buildSettings = {
				ASSETCATALOG_COMPILER_APPICON_NAME = AppIcon;
				ASSETCATALOG_COMPILER_GLOBAL_ACCENT_COLOR_NAME = AccentColor;
				CODE_SIGN_STYLE = Automatic;
				CURRENT_PROJECT_VERSION = 1;
				DEVELOPMENT_ASSET_PATHS = "\"iEdutainment/Preview Content\"";
				ENABLE_PREVIEWS = YES;
				GENERATE_INFOPLIST_FILE = YES;
				INFOPLIST_KEY_UIApplicationSceneManifest_Generation = YES;
				INFOPLIST_KEY_UIApplicationSupportsIndirectInputEvents = YES;
				INFOPLIST_KEY_UILaunchScreen_Generation = YES;
				INFOPLIST_KEY_UISupportedInterfaceOrientations_iPad = "UIInterfaceOrientationPortrait UIInterfaceOrientationPortraitUpsideDown UIInterfaceOrientationLandscapeLeft UIInterfaceOrientationLandscapeRight";
				INFOPLIST_KEY_UISupportedInterfaceOrientations_iPhone = "UIInterfaceOrientationPortrait UIInterfaceOrientationLandscapeLeft UIInterfaceOrientationLandscapeRight";
				LD_RUNPATH_SEARCH_PATHS = (
					"$(inherited)",
					"@executable_path/Frameworks",
				);
				MARKETING_VERSION = 1.0;
				PRODUCT_BUNDLE_IDENTIFIER = me.rosado.mr.iEdutainment;
				PRODUCT_NAME = "$(TARGET_NAME)";
				SWIFT_EMIT_LOC_STRINGS = YES;
				SWIFT_VERSION = 5.0;
				TARGETED_DEVICE_FAMILY = "1,2";
			};
			name = Release;
		};
		A29AAFF22CB489F5002D8330 /* Debug */ = {
			isa = XCBuildConfiguration;
			buildSettings = {
				BUNDLE_LOADER = "$(TEST_HOST)";
				CODE_SIGN_STYLE = Automatic;
				CURRENT_PROJECT_VERSION = 1;
				GENERATE_INFOPLIST_FILE = YES;
				IPHONEOS_DEPLOYMENT_TARGET = 18.0;
				MARKETING_VERSION = 1.0;
				PRODUCT_BUNDLE_IDENTIFIER = me.rosado.mr.iEdutainmentTests;
				PRODUCT_NAME = "$(TARGET_NAME)";
				SWIFT_EMIT_LOC_STRINGS = NO;
				SWIFT_VERSION = 5.0;
				TARGETED_DEVICE_FAMILY = "1,2";
				TEST_HOST = "$(BUILT_PRODUCTS_DIR)/iEdutainment.app/$(BUNDLE_EXECUTABLE_FOLDER_PATH)/iEdutainment";
			};
			name = Debug;
		};
		A29AAFF32CB489F5002D8330 /* Release */ = {
			isa = XCBuildConfiguration;
			buildSettings = {
				BUNDLE_LOADER = "$(TEST_HOST)";
				CODE_SIGN_STYLE = Automatic;
				CURRENT_PROJECT_VERSION = 1;
				GENERATE_INFOPLIST_FILE = YES;
				IPHONEOS_DEPLOYMENT_TARGET = 18.0;
				MARKETING_VERSION = 1.0;
				PRODUCT_BUNDLE_IDENTIFIER = me.rosado.mr.iEdutainmentTests;
				PRODUCT_NAME = "$(TARGET_NAME)";
				SWIFT_EMIT_LOC_STRINGS = NO;
				SWIFT_VERSION = 5.0;
				TARGETED_DEVICE_FAMILY = "1,2";
				TEST_HOST = "$(BUILT_PRODUCTS_DIR)/iEdutainment.app/$(BUNDLE_EXECUTABLE_FOLDER_PATH)/iEdutainment";
			};
			name = Release;
		};
		A29AAFF52CB489F5002D8330 /* Debug */ = {
			isa = XCBuildConfiguration;
			buildSettings = {
				CODE_SIGN_STYLE = Automatic;
				CURRENT_PROJECT_VERSION = 1;
				GENERATE_INFOPLIST_FILE = YES;
				MARKETING_VERSION = 1.0;
				PRODUCT_BUNDLE_IDENTIFIER = me.rosado.mr.iEdutainmentUITests;
				PRODUCT_NAME = "$(TARGET_NAME)";
				SWIFT_EMIT_LOC_STRINGS = NO;
				SWIFT_VERSION = 5.0;
				TARGETED_DEVICE_FAMILY = "1,2";
				TEST_TARGET_NAME = iEdutainment;
			};
			name = Debug;
		};
		A29AAFF62CB489F5002D8330 /* Release */ = {
			isa = XCBuildConfiguration;
			buildSettings = {
				CODE_SIGN_STYLE = Automatic;
				CURRENT_PROJECT_VERSION = 1;
				GENERATE_INFOPLIST_FILE = YES;
				MARKETING_VERSION = 1.0;
				PRODUCT_BUNDLE_IDENTIFIER = me.rosado.mr.iEdutainmentUITests;
				PRODUCT_NAME = "$(TARGET_NAME)";
				SWIFT_EMIT_LOC_STRINGS = NO;
				SWIFT_VERSION = 5.0;
				TARGETED_DEVICE_FAMILY = "1,2";
				TEST_TARGET_NAME = iEdutainment;
			};
			name = Release;
		};
/* End XCBuildConfiguration section */

/* Begin XCConfigurationList section */
		A29AAFC52CB489F2002D8330 /* Build configuration list for PBXProject "iEdutainment" */ = {
			isa = XCConfigurationList;
			buildConfigurations = (
				A29AAFEC2CB489F5002D8330 /* Debug */,
				A29AAFED2CB489F5002D8330 /* Release */,
			);
			defaultConfigurationIsVisible = 0;
			defaultConfigurationName = Release;
		};
		A29AAFEE2CB489F5002D8330 /* Build configuration list for PBXNativeTarget "iEdutainment" */ = {
			isa = XCConfigurationList;
			buildConfigurations = (
				A29AAFEF2CB489F5002D8330 /* Debug */,
				A29AAFF02CB489F5002D8330 /* Release */,
			);
			defaultConfigurationIsVisible = 0;
			defaultConfigurationName = Release;
		};
		A29AAFF12CB489F5002D8330 /* Build configuration list for PBXNativeTarget "iEdutainmentTests" */ = {
			isa = XCConfigurationList;
			buildConfigurations = (
				A29AAFF22CB489F5002D8330 /* Debug */,
				A29AAFF32CB489F5002D8330 /* Release */,
			);
			defaultConfigurationIsVisible = 0;
			defaultConfigurationName = Release;
		};
		A29AAFF42CB489F5002D8330 /* Build configuration list for PBXNativeTarget "iEdutainmentUITests" */ = {
			isa = XCConfigurationList;
			buildConfigurations = (
				A29AAFF52CB489F5002D8330 /* Debug */,
				A29AAFF62CB489F5002D8330 /* Release */,
			);
			defaultConfigurationIsVisible = 0;
			defaultConfigurationName = Release;
		};
/* End XCConfigurationList section */
	};
	rootObject = A29AAFC22CB489F2002D8330 /* Project object */;
}
